{
  "version": 4,
  "terraform_version": "1.4.6",
  "serial": 8,
  "lineage": "0561cc68-9935-8dd3-70cf-d3f79b8e3d68",
  "outputs": {},
  "resources": [
    {
      "mode": "managed",
      "type": "azurerm_linux_web_app",
      "name": "wa",
      "provider": "provider[\"registry.terraform.io/hashicorp/azurerm\"]",
      "instances": [
        {
          "schema_version": 0,
          "attributes": {
            "app_settings": null,
            "auth_settings": [
              {
                "active_directory": [],
                "additional_login_parameters": {},
                "allowed_external_redirect_urls": [],
                "default_provider": "",
                "enabled": false,
                "facebook": [],
                "github": [],
                "google": [],
                "issuer": "",
                "microsoft": [],
                "runtime_version": "",
                "token_refresh_extension_hours": 0,
                "token_store_enabled": false,
                "twitter": [],
                "unauthenticated_client_action": ""
              }
            ],
            "backup": [],
            "client_affinity_enabled": false,
            "client_certificate_enabled": false,
            "client_certificate_mode": "Required",
            "connection_string": [],
            "custom_domain_verification_id": "8747EFBF70C150BFA35A278AA9AEC42C862F76DB2FDFF0F7E18DCF5A8D8469AF",
            "default_hostname": "hayrihabip.azurewebsites.net",
            "enabled": true,
            "https_only": true,
            "id": "/subscriptions/f2532fd6-43d1-4fd4-9877-c651c1c76b5e/resourceGroups/hayrihabip/providers/Microsoft.Web/sites/hayrihabip",
            "identity": [],
            "key_vault_reference_identity_id": "SystemAssigned",
            "kind": "app,linux",
            "location": "eastus",
            "logs": [],
            "name": "hayrihabip",
            "outbound_ip_address_list": [
              "20.121.110.55",
              "20.121.110.137",
              "20.121.110.165",
              "20.121.110.195",
              "20.121.110.248",
              "20.121.110.250",
              "20.119.8.25"
            ],
            "outbound_ip_addresses": "20.121.110.55,20.121.110.137,20.121.110.165,20.121.110.195,20.121.110.248,20.121.110.250,20.119.8.25",
            "possible_outbound_ip_address_list": [
              "20.121.110.55",
              "20.121.110.137",
              "20.121.110.165",
              "20.121.110.195",
              "20.121.110.248",
              "20.121.110.250",
              "20.121.111.48",
              "20.121.111.59",
              "20.121.111.92",
              "20.121.111.127",
              "20.121.111.175",
              "20.121.111.200",
              "20.121.111.230",
              "20.121.111.252",
              "20.237.8.11",
              "20.237.8.18",
              "20.237.8.25",
              "20.237.8.82",
              "20.237.8.115",
              "20.237.8.118",
              "20.237.8.160",
              "20.237.8.207",
              "20.237.8.224",
              "20.237.8.233",
              "20.119.8.25"
            ],
            "possible_outbound_ip_addresses": "20.121.110.55,20.121.110.137,20.121.110.165,20.121.110.195,20.121.110.248,20.121.110.250,20.121.111.48,20.121.111.59,20.121.111.92,20.121.111.127,20.121.111.175,20.121.111.200,20.121.111.230,20.121.111.252,20.237.8.11,20.237.8.18,20.237.8.25,20.237.8.82,20.237.8.115,20.237.8.118,20.237.8.160,20.237.8.207,20.237.8.224,20.237.8.233,20.119.8.25",
            "resource_group_name": "hayrihabip",
            "service_plan_id": "/subscriptions/f2532fd6-43d1-4fd4-9877-c651c1c76b5e/resourceGroups/hayrihabip/providers/Microsoft.Web/serverfarms/hayrihabip",
            "site_config": [
              {
                "always_on": true,
                "api_definition_url": "",
                "api_management_api_id": "",
                "app_command_line": "",
                "application_stack": [
                  {
                    "docker_image": "",
                    "docker_image_tag": "",
                    "dotnet_version": "",
                    "java_server": "",
                    "java_server_version": "",
                    "java_version": "",
                    "node_version": "",
                    "php_version": "",
                    "python_version": "",
                    "ruby_version": ""
                  }
                ],
                "auto_heal_enabled": false,
                "auto_heal_setting": [],
                "container_registry_managed_identity_client_id": "",
                "container_registry_use_managed_identity": false,
                "cors": [],
                "default_documents": [
                  "Default.htm",
                  "Default.html",
                  "Default.asp",
                  "index.htm",
                  "index.html",
                  "iisstart.htm",
                  "default.aspx",
                  "index.php",
                  "hostingstart.html"
                ],
                "detailed_error_logging_enabled": false,
                "ftps_state": "Disabled",
                "health_check_eviction_time_in_min": 0,
                "health_check_path": "",
                "http2_enabled": false,
                "ip_restriction": [],
                "linux_fx_version": "",
                "load_balancing_mode": "LeastRequests",
                "local_mysql_enabled": false,
                "managed_pipeline_mode": "Integrated",
                "minimum_tls_version": "1.2",
                "remote_debugging_enabled": false,
                "remote_debugging_version": "VS2019",
                "scm_ip_restriction": [],
                "scm_minimum_tls_version": "1.2",
                "scm_type": "None",
                "scm_use_main_ip_restriction": false,
                "use_32_bit_worker": true,
                "vnet_route_all_enabled": false,
                "websockets_enabled": false,
                "worker_count": 1
              }
            ],
            "site_credential": [
              {
                "name": "$hayrihabip",
                "password": "e0C4G7hP2fhdA9rWZHG5R6nWwE3jNH0ybkTplukPwgrrhZf7uM93AfrriCEd"
              }
            ],
            "storage_account": [],
            "tags": null,
            "timeouts": null
          },
          "sensitive_attributes": [],
          "private": "eyJlMmJmYjczMC1lY2FhLTExZTYtOGY4OC0zNDM2M2JjN2M0YzAiOnsiY3JlYXRlIjoxODAwMDAwMDAwMDAwLCJkZWxldGUiOjE4MDAwMDAwMDAwMDAsInJlYWQiOjMwMDAwMDAwMDAwMCwidXBkYXRlIjoxODAwMDAwMDAwMDAwfX0=",
          "dependencies": [
            "azurerm_resource_group.rg",
            "azurerm_service_plan.sp"
          ]
        }
      ]
    },
    {
      "mode": "managed",
      "type": "azurerm_resource_group",
      "name": "rg",
      "provider": "provider[\"registry.terraform.io/hashicorp/azurerm\"]",
      "instances": [
        {
          "schema_version": 0,
          "attributes": {
            "id": "/subscriptions/f2532fd6-43d1-4fd4-9877-c651c1c76b5e/resourceGroups/hayrihabip",
            "location": "eastus",
            "name": "hayrihabip",
            "tags": null,
            "timeouts": null
          },
          "sensitive_attributes": [],
          "private": "eyJlMmJmYjczMC1lY2FhLTExZTYtOGY4OC0zNDM2M2JjN2M0YzAiOnsiY3JlYXRlIjo1NDAwMDAwMDAwMDAwLCJkZWxldGUiOjU0MDAwMDAwMDAwMDAsInJlYWQiOjMwMDAwMDAwMDAwMCwidXBkYXRlIjo1NDAwMDAwMDAwMDAwfX0="
        }
      ]
    },
    {
      "mode": "managed",
      "type": "azurerm_service_plan",
      "name": "sp",
      "provider": "provider[\"registry.terraform.io/hashicorp/azurerm\"]",
      "instances": [
        {
          "schema_version": 0,
          "attributes": {
            "app_service_environment_id": "",
            "id": "/subscriptions/f2532fd6-43d1-4fd4-9877-c651c1c76b5e/resourceGroups/hayrihabip/providers/Microsoft.Web/serverfarms/hayrihabip",
            "kind": "linux",
            "location": "eastus",
            "maximum_elastic_worker_count": 1,
            "name": "hayrihabip",
            "os_type": "Linux",
            "per_site_scaling_enabled": false,
            "reserved": true,
            "resource_group_name": "hayrihabip",
            "sku_name": "B1",
            "tags": null,
            "timeouts": null,
            "worker_count": 1
          },
          "sensitive_attributes": [],
          "private": "eyJlMmJmYjczMC1lY2FhLTExZTYtOGY4OC0zNDM2M2JjN2M0YzAiOnsiY3JlYXRlIjozNjAwMDAwMDAwMDAwLCJkZWxldGUiOjM2MDAwMDAwMDAwMDAsInJlYWQiOjMwMDAwMDAwMDAwMCwidXBkYXRlIjozNjAwMDAwMDAwMDAwfX0=",
          "dependencies": [
            "azurerm_resource_group.rg"
          ]
        }
      ]
    }
  ],
  "check_results": null
}
